
Microsoft Visual Studio Solution File, Format Version 12.00
# Visual Studio Version 16
VisualStudioVersion = 16.0.29503.13
MinimumVisualStudioVersion = 10.0.40219.1
Project("{FAE04EC0-301F-11D3-BF4B-00C04F79EFBC}") = "AutomationAPI", "AutomationAPI.csproj", "{719519CB-098A-4229-AEB3-E09D0181E656}"
EndProject
Global
	GlobalSection(SolutionConfigurationPlatforms) = preSolution
		Debug|Any CPU = Debug|Any CPU
		Release|Any CPU = Release|Any CPU
	EndGlobalSection
	GlobalSection(ProjectConfigurationPlatforms) = postSolution
		{719519CB-098A-4229-AEB3-E09D0181E656}.Debug|Any CPU.ActiveCfg = Debug|Any CPU
		{719519CB-098A-4229-AEB3-E09D0181E656}.Debug|Any CPU.Build.0 = Debug|Any CPU
		{719519CB-098A-4229-AEB3-E09D0181E656}.Release|Any CPU.ActiveCfg = Release|Any CPU
		{719519CB-098A-4229-AEB3-E09D0181E656}.Release|Any CPU.Build.0 = Release|Any CPU
	EndGlobalSection
	GlobalSection(SolutionProperties) = preSolution
		HideSolutionNode = FALSE
	EndGlobalSection
	GlobalSection(ExtensibilityGlobals) = postSolution
		SolutionGuid = {7F96F1EC-534E-47DF-8EBD-202F3E423560}
	EndGlobalSection
EndGlobal
